
Microsoft Visual Studio Solution File, Format Version 12.00
# Visual Studio Version 16
VisualStudioVersion = 16.0.31515.178
MinimumVisualStudioVersion = 10.0.40219.1
Project("{FAE04EC0-301F-11D3-BF4B-00C04F79EFBC}") = "MicroSharpFTP", "MicroSharpFTP\MicroSharpFTP.csproj", "{339754B4-E0B2-40AE-AAC5-96FE9A56190F}"
EndProject
Global
	GlobalSection(SolutionConfigurationPlatforms) = preSolution
		Debug|Any CPU = Debug|Any CPU
		Release|Any CPU = Release|Any CPU
	EndGlobalSection
	GlobalSection(ProjectConfigurationPlatforms) = postSolution
		{339754B4-E0B2-40AE-AAC5-96FE9A56190F}.Debug|Any CPU.ActiveCfg = Debug|Any CPU
		{339754B4-E0B2-40AE-AAC5-96FE9A56190F}.Debug|Any CPU.Build.0 = Debug|Any CPU
		{339754B4-E0B2-40AE-AAC5-96FE9A56190F}.Release|Any CPU.ActiveCfg = Release|Any CPU
		{339754B4-E0B2-40AE-AAC5-96FE9A56190F}.Release|Any CPU.Build.0 = Release|Any CPU
	EndGlobalSection
	GlobalSection(SolutionProperties) = preSolution
		HideSolutionNode = FALSE
	EndGlobalSection
	GlobalSection(ExtensibilityGlobals) = postSolution
		SolutionGuid = {ACBA0504-9955-444D-AA85-7A9A14F92747}
	EndGlobalSection
EndGlobal
